
Microsoft Visual Studio Solution File, Format Version 12.00
# Visual Studio Version 17
VisualStudioVersion = 17.6.33617.297
MinimumVisualStudioVersion = 10.0.40219.1
Project("{9A19103F-16F7-4668-BE54-9A1E7A4F7556}") = "OrgAI", "OrgAI.csproj", "{90152349-FF77-4B37-A32A-E4B703FDBD43}"
EndProject
Global
	GlobalSection(SolutionConfigurationPlatforms) = preSolution
		Debug|Any CPU = Debug|Any CPU
		Release|Any CPU = Release|Any CPU
	EndGlobalSection
	GlobalSection(ProjectConfigurationPlatforms) = postSolution
		{90152349-FF77-4B37-A32A-E4B703FDBD43}.Debug|Any CPU.ActiveCfg = Debug|Any CPU
		{90152349-FF77-4B37-A32A-E4B703FDBD43}.Debug|Any CPU.Build.0 = Debug|Any CPU
		{90152349-FF77-4B37-A32A-E4B703FDBD43}.Release|Any CPU.ActiveCfg = Release|Any CPU
		{90152349-FF77-4B37-A32A-E4B703FDBD43}.Release|Any CPU.Build.0 = Release|Any CPU
	EndGlobalSection
	GlobalSection(SolutionProperties) = preSolution
		HideSolutionNode = FALSE
	EndGlobalSection
	GlobalSection(ExtensibilityGlobals) = postSolution
		SolutionGuid = {A118884B-8F73-4870-81E0-DF08349F217F}
	EndGlobalSection
EndGlobal
